// !$*UTF8*$!
{
	archiveVersion = 1;
	classes = {
	};
	objectVersion = 50;
	objects = {

/* Begin PBXBuildFile section */
		5446034D2382AB94004E676B /* AppDelegate.swift in Sources */ = {isa = PBXBuildFile; fileRef = 5446034C2382AB94004E676B /* AppDelegate.swift */; };
		5446034F2382AB94004E676B /* SceneDelegate.swift in Sources */ = {isa = PBXBuildFile; fileRef = 5446034E2382AB94004E676B /* SceneDelegate.swift */; };
		544603522382AB94004E676B /* OSRouter.xcdatamodeld in Sources */ = {isa = PBXBuildFile; fileRef = 544603502382AB94004E676B /* OSRouter.xcdatamodeld */; };
		544603542382AB94004E676B /* ContentView.swift in Sources */ = {isa = PBXBuildFile; fileRef = 544603532382AB94004E676B /* ContentView.swift */; };
		544603562382AB98004E676B /* Assets.xcassets in Resources */ = {isa = PBXBuildFile; fileRef = 544603552382AB98004E676B /* Assets.xcassets */; };
		544603592382AB98004E676B /* Preview Assets.xcassets in Resources */ = {isa = PBXBuildFile; fileRef = 544603582382AB98004E676B /* Preview Assets.xcassets */; };
		5446035C2382AB98004E676B /* LaunchScreen.storyboard in Resources */ = {isa = PBXBuildFile; fileRef = 5446035A2382AB98004E676B /* LaunchScreen.storyboard */; };
		544603672382AB99004E676B /* OSRouterTests.swift in Sources */ = {isa = PBXBuildFile; fileRef = 544603662382AB99004E676B /* OSRouterTests.swift */; };
		544603722382AB99004E676B /* OSRouterUITests.swift in Sources */ = {isa = PBXBuildFile; fileRef = 544603712382AB99004E676B /* OSRouterUITests.swift */; };
		544603842382ABC8004E676B /* OSMediator.m in Sources */ = {isa = PBXBuildFile; fileRef = 544603822382ABC8004E676B /* OSMediator.m */; };
		544603852382ABC8004E676B /* NSInvocation+OSInvocation.m in Sources */ = {isa = PBXBuildFile; fileRef = 544603832382ABC8004E676B /* NSInvocation+OSInvocation.m */; };
		5446038D2382C110004E676B /* Url_Extension.swift in Sources */ = {isa = PBXBuildFile; fileRef = 544603872382C10F004E676B /* Url_Extension.swift */; };
		5446038E2382C110004E676B /* OSRouterParams.swift in Sources */ = {isa = PBXBuildFile; fileRef = 544603882382C110004E676B /* OSRouterParams.swift */; };
		5446038F2382C110004E676B /* OSRouterAction.swift in Sources */ = {isa = PBXBuildFile; fileRef = 544603892382C110004E676B /* OSRouterAction.swift */; };
		544603902382C110004E676B /* OSRouter.swift in Sources */ = {isa = PBXBuildFile; fileRef = 5446038A2382C110004E676B /* OSRouter.swift */; };
		544603912382C110004E676B /* OSRouterProtocol.swift in Sources */ = {isa = PBXBuildFile; fileRef = 5446038B2382C110004E676B /* OSRouterProtocol.swift */; };
		544603922382C110004E676B /* OSRouterType.swift in Sources */ = {isa = PBXBuildFile; fileRef = 5446038C2382C110004E676B /* OSRouterType.swift */; };
/* End PBXBuildFile section */

/* Begin PBXContainerItemProxy section */
		544603632382AB98004E676B /* PBXContainerItemProxy */ = {
			isa = PBXContainerItemProxy;
			containerPortal = 544603412382AB94004E676B /* Project object */;
			proxyType = 1;
			remoteGlobalIDString = 544603482382AB94004E676B;
			remoteInfo = OSRouter;
		};
		5446036E2382AB99004E676B /* PBXContainerItemProxy */ = {
			isa = PBXContainerItemProxy;
			containerPortal = 544603412382AB94004E676B /* Project object */;
			proxyType = 1;
			remoteGlobalIDString = 544603482382AB94004E676B;
			remoteInfo = OSRouter;
		};
/* End PBXContainerItemProxy section */

/* Begin PBXFileReference section */
		544603492382AB94004E676B /* OSRouter.app */ = {isa = PBXFileReference; explicitFileType = wrapper.application; includeInIndex = 0; path = OSRouter.app; sourceTree = BUILT_PRODUCTS_DIR; };
		5446034C2382AB94004E676B /* AppDelegate.swift */ = {isa = PBXFileReference; lastKnownFileType = sourcecode.swift; path = AppDelegate.swift; sourceTree = "<group>"; };
		5446034E2382AB94004E676B /* SceneDelegate.swift */ = {isa = PBXFileReference; lastKnownFileType = sourcecode.swift; path = SceneDelegate.swift; sourceTree = "<group>"; };
		544603512382AB94004E676B /* OSRouter.xcdatamodel */ = {isa = PBXFileReference; lastKnownFileType = wrapper.xcdatamodel; path = OSRouter.xcdatamodel; sourceTree = "<group>"; };
		544603532382AB94004E676B /* ContentView.swift */ = {isa = PBXFileReference; lastKnownFileType = sourcecode.swift; path = ContentView.swift; sourceTree = "<group>"; };
		544603552382AB98004E676B /* Assets.xcassets */ = {isa = PBXFileReference; lastKnownFileType = folder.assetcatalog; path = Assets.xcassets; sourceTree = "<group>"; };
		544603582382AB98004E676B /* Preview Assets.xcassets */ = {isa = PBXFileReference; lastKnownFileType = folder.assetcatalog; path = "Preview Assets.xcassets"; sourceTree = "<group>"; };
		5446035B2382AB98004E676B /* Base */ = {isa = PBXFileReference; lastKnownFileType = file.storyboard; name = Base; path = Base.lproj/LaunchScreen.storyboard; sourceTree = "<group>"; };
		5446035D2382AB98004E676B /* Info.plist */ = {isa = PBXFileReference; lastKnownFileType = text.plist.xml; path = Info.plist; sourceTree = "<group>"; };
		544603622382AB98004E676B /* OSRouterTests.xctest */ = {isa = PBXFileReference; explicitFileType = wrapper.cfbundle; includeInIndex = 0; path = OSRouterTests.xctest; sourceTree = BUILT_PRODUCTS_DIR; };
		544603662382AB99004E676B /* OSRouterTests.swift */ = {isa = PBXFileReference; lastKnownFileType = sourcecode.swift; path = OSRouterTests.swift; sourceTree = "<group>"; };
		544603682382AB99004E676B /* Info.plist */ = {isa = PBXFileReference; lastKnownFileType = text.plist.xml; path = Info.plist; sourceTree = "<group>"; };
		5446036D2382AB99004E676B /* OSRouterUITests.xctest */ = {isa = PBXFileReference; explicitFileType = wrapper.cfbundle; includeInIndex = 0; path = OSRouterUITests.xctest; sourceTree = BUILT_PRODUCTS_DIR; };
		544603712382AB99004E676B /* OSRouterUITests.swift */ = {isa = PBXFileReference; lastKnownFileType = sourcecode.swift; path = OSRouterUITests.swift; sourceTree = "<group>"; };
		544603732382AB99004E676B /* Info.plist */ = {isa = PBXFileReference; lastKnownFileType = text.plist.xml; path = Info.plist; sourceTree = "<group>"; };
		5446037F2382ABC7004E676B /* OSRouter-Bridging-Header.h */ = {isa = PBXFileReference; lastKnownFileType = sourcecode.c.h; path = "OSRouter-Bridging-Header.h"; sourceTree = "<group>"; };
		544603802382ABC8004E676B /* NSInvocation+OSInvocation.h */ = {isa = PBXFileReference; fileEncoding = 4; lastKnownFileType = sourcecode.c.h; path = "NSInvocation+OSInvocation.h"; sourceTree = "<group>"; };
		544603812382ABC8004E676B /* OSMediator.h */ = {isa = PBXFileReference; fileEncoding = 4; lastKnownFileType = sourcecode.c.h; path = OSMediator.h; sourceTree = "<group>"; };
		544603822382ABC8004E676B /* OSMediator.m */ = {isa = PBXFileReference; fileEncoding = 4; lastKnownFileType = sourcecode.c.objc; path = OSMediator.m; sourceTree = "<group>"; };
		544603832382ABC8004E676B /* NSInvocation+OSInvocation.m */ = {isa = PBXFileReference; fileEncoding = 4; lastKnownFileType = sourcecode.c.objc; path = "NSInvocation+OSInvocation.m"; sourceTree = "<group>"; };
		544603872382C10F004E676B /* Url_Extension.swift */ = {isa = PBXFileReference; fileEncoding = 4; lastKnownFileType = sourcecode.swift; path = Url_Extension.swift; sourceTree = "<group>"; };
		544603882382C110004E676B /* OSRouterParams.swift */ = {isa = PBXFileReference; fileEncoding = 4; lastKnownFileType = sourcecode.swift; path = OSRouterParams.swift; sourceTree = "<group>"; };
		544603892382C110004E676B /* OSRouterAction.swift */ = {isa = PBXFileReference; fileEncoding = 4; lastKnownFileType = sourcecode.swift; path = OSRouterAction.swift; sourceTree = "<group>"; };
		5446038A2382C110004E676B /* OSRouter.swift */ = {isa = PBXFileReference; fileEncoding = 4; lastKnownFileType = sourcecode.swift; path = OSRouter.swift; sourceTree = "<group>"; };
		5446038B2382C110004E676B /* OSRouterProtocol.swift */ = {isa = PBXFileReference; fileEncoding = 4; lastKnownFileType = sourcecode.swift; path = OSRouterProtocol.swift; sourceTree = "<group>"; };
		5446038C2382C110004E676B /* OSRouterType.swift */ = {isa = PBXFileReference; fileEncoding = 4; lastKnownFileType = sourcecode.swift; path = OSRouterType.swift; sourceTree = "<group>"; };
		544603942382C19B004E676B /* OSRouterHeader.h */ = {isa = PBXFileReference; fileEncoding = 4; lastKnownFileType = sourcecode.c.h; path = OSRouterHeader.h; sourceTree = "<group>"; };
/* End PBXFileReference section */

/* Begin PBXFrameworksBuildPhase section */
		544603462382AB94004E676B /* Frameworks */ = {
			isa = PBXFrameworksBuildPhase;
			buildActionMask = 2147483647;
			files = (
			);
			runOnlyForDeploymentPostprocessing = 0;
		};
		5446035F2382AB98004E676B /* Frameworks */ = {
			isa = PBXFrameworksBuildPhase;
			buildActionMask = 2147483647;
			files = (
			);
			runOnlyForDeploymentPostprocessing = 0;
		};
		5446036A2382AB99004E676B /* Frameworks */ = {
			isa = PBXFrameworksBuildPhase;
			buildActionMask = 2147483647;
			files = (
			);
			runOnlyForDeploymentPostprocessing = 0;
		};
/* End PBXFrameworksBuildPhase section */

/* Begin PBXGroup section */
		544603402382AB94004E676B = {
			isa = PBXGroup;
			children = (
				5446034B2382AB94004E676B /* OSRouter */,
				544603652382AB98004E676B /* OSRouterTests */,
				544603702382AB99004E676B /* OSRouterUITests */,
				5446034A2382AB94004E676B /* Products */,
			);
			sourceTree = "<group>";
		};
		5446034A2382AB94004E676B /* Products */ = {
			isa = PBXGroup;
			children = (
				544603492382AB94004E676B /* OSRouter.app */,
				544603622382AB98004E676B /* OSRouterTests.xctest */,
				5446036D2382AB99004E676B /* OSRouterUITests.xctest */,
			);
			name = Products;
			sourceTree = "<group>";
		};
		5446034B2382AB94004E676B /* OSRouter */ = {
			isa = PBXGroup;
			children = (
				544603862382ABCF004E676B /* OSRouter */,
				5446034C2382AB94004E676B /* AppDelegate.swift */,
				5446034E2382AB94004E676B /* SceneDelegate.swift */,
				544603532382AB94004E676B /* ContentView.swift */,
				544603942382C19B004E676B /* OSRouterHeader.h */,
				544603552382AB98004E676B /* Assets.xcassets */,
				5446035A2382AB98004E676B /* LaunchScreen.storyboard */,
				5446035D2382AB98004E676B /* Info.plist */,
				544603502382AB94004E676B /* OSRouter.xcdatamodeld */,
				544603572382AB98004E676B /* Preview Content */,
				5446037F2382ABC7004E676B /* OSRouter-Bridging-Header.h */,
			);
			path = OSRouter;
			sourceTree = "<group>";
		};
		544603572382AB98004E676B /* Preview Content */ = {
			isa = PBXGroup;
			children = (
				544603582382AB98004E676B /* Preview Assets.xcassets */,
			);
			path = "Preview Content";
			sourceTree = "<group>";
		};
		544603652382AB98004E676B /* OSRouterTests */ = {
			isa = PBXGroup;
			children = (
				544603662382AB99004E676B /* OSRouterTests.swift */,
				544603682382AB99004E676B /* Info.plist */,
			);
			path = OSRouterTests;
			sourceTree = "<group>";
		};
		544603702382AB99004E676B /* OSRouterUITests */ = {
			isa = PBXGroup;
			children = (
				544603712382AB99004E676B /* OSRouterUITests.swift */,
				544603732382AB99004E676B /* Info.plist */,
			);
			path = OSRouterUITests;
			sourceTree = "<group>";
		};
		544603862382ABCF004E676B /* OSRouter */ = {
			isa = PBXGroup;
			children = (
				5446038A2382C110004E676B /* OSRouter.swift */,
				544603892382C110004E676B /* OSRouterAction.swift */,
				544603882382C110004E676B /* OSRouterParams.swift */,
				5446038B2382C110004E676B /* OSRouterProtocol.swift */,
				5446038C2382C110004E676B /* OSRouterType.swift */,
				544603872382C10F004E676B /* Url_Extension.swift */,
				544603932382C118004E676B /* OSMediator */,
			);
			path = OSRouter;
			sourceTree = "<group>";
		};
		544603932382C118004E676B /* OSMediator */ = {
			isa = PBXGroup;
			children = (
				544603802382ABC8004E676B /* NSInvocation+OSInvocation.h */,
				544603832382ABC8004E676B /* NSInvocation+OSInvocation.m */,
				544603812382ABC8004E676B /* OSMediator.h */,
				544603822382ABC8004E676B /* OSMediator.m */,
			);
			path = OSMediator;
			sourceTree = "<group>";
		};
/* End PBXGroup section */

/* Begin PBXNativeTarget section */
		544603482382AB94004E676B /* OSRouter */ = {
			isa = PBXNativeTarget;
			buildConfigurationList = 544603762382AB99004E676B /* Build configuration list for PBXNativeTarget "OSRouter" */;
			buildPhases = (
				544603452382AB94004E676B /* Sources */,
				544603462382AB94004E676B /* Frameworks */,
				544603472382AB94004E676B /* Resources */,
			);
			buildRules = (
			);
			dependencies = (
			);
			name = OSRouter;
			productName = OSRouter;
			productReference = 544603492382AB94004E676B /* OSRouter.app */;
			productType = "com.apple.product-type.application";
		};
		544603612382AB98004E676B /* OSRouterTests */ = {
			isa = PBXNativeTarget;
			buildConfigurationList = 544603792382AB99004E676B /* Build configuration list for PBXNativeTarget "OSRouterTests" */;
			buildPhases = (
				5446035E2382AB98004E676B /* Sources */,
				5446035F2382AB98004E676B /* Frameworks */,
				544603602382AB98004E676B /* Resources */,
			);
			buildRules = (
			);
			dependencies = (
				544603642382AB98004E676B /* PBXTargetDependency */,
			);
			name = OSRouterTests;
			productName = OSRouterTests;
			productReference = 544603622382AB98004E676B /* OSRouterTests.xctest */;
			productType = "com.apple.product-type.bundle.unit-test";
		};
		5446036C2382AB99004E676B /* OSRouterUITests */ = {
			isa = PBXNativeTarget;
			buildConfigurationList = 5446037C2382AB99004E676B /* Build configuration list for PBXNativeTarget "OSRouterUITests" */;
			buildPhases = (
				544603692382AB99004E676B /* Sources */,
				5446036A2382AB99004E676B /* Frameworks */,
				5446036B2382AB99004E676B /* Resources */,
			);
			buildRules = (
			);
			dependencies = (
				5446036F2382AB99004E676B /* PBXTargetDependency */,
			);
			name = OSRouterUITests;
			productName = OSRouterUITests;
			productReference = 5446036D2382AB99004E676B /* OSRouterUITests.xctest */;
			productType = "com.apple.product-type.bundle.ui-testing";
		};
/* End PBXNativeTarget section */

/* Begin PBXProject section */
		544603412382AB94004E676B /* Project object */ = {
			isa = PBXProject;
			attributes = {
				LastSwiftUpdateCheck = 1100;
				LastUpgradeCheck = 1100;
				ORGANIZATIONNAME = "张飞";
				TargetAttributes = {
					544603482382AB94004E676B = {
						CreatedOnToolsVersion = 11.0;
						LastSwiftMigration = 1100;
					};
					544603612382AB98004E676B = {
						CreatedOnToolsVersion = 11.0;
						TestTargetID = 544603482382AB94004E676B;
					};
					5446036C2382AB99004E676B = {
						CreatedOnToolsVersion = 11.0;
						TestTargetID = 544603482382AB94004E676B;
					};
				};
			};
			buildConfigurationList = 544603442382AB94004E676B /* Build configuration list for PBXProject "OSRouter" */;
			compatibilityVersion = "Xcode 9.3";
			developmentRegion = en;
			hasScannedForEncodings = 0;
			knownRegions = (
				en,
				Base,
			);
			mainGroup = 544603402382AB94004E676B;
			productRefGroup = 5446034A2382AB94004E676B /* Products */;
			projectDirPath = "";
			projectRoot = "";
			targets = (
				544603482382AB94004E676B /* OSRouter */,
				544603612382AB98004E676B /* OSRouterTests */,
				5446036C2382AB99004E676B /* OSRouterUITests */,
			);
		};
/* End PBXProject section */

/* Begin PBXResourcesBuildPhase section */
		544603472382AB94004E676B /* Resources */ = {
			isa = PBXResourcesBuildPhase;
			buildActionMask = 2147483647;
			files = (
				5446035C2382AB98004E676B /* LaunchScreen.storyboard in Resources */,
				544603592382AB98004E676B /* Preview Assets.xcassets in Resources */,
				544603562382AB98004E676B /* Assets.xcassets in Resources */,
			);
			runOnlyForDeploymentPostprocessing = 0;
		};
		544603602382AB98004E676B /* Resources */ = {
			isa = PBXResourcesBuildPhase;
			buildActionMask = 2147483647;
			files = (
			);
			runOnlyForDeploymentPostprocessing = 0;
		};
		5446036B2382AB99004E676B /* Resources */ = {
			isa = PBXResourcesBuildPhase;
			buildActionMask = 2147483647;
			files = (
			);
			runOnlyForDeploymentPostprocessing = 0;
		};
/* End PBXResourcesBuildPhase section */

/* Begin PBXSourcesBuildPhase section */
		544603452382AB94004E676B /* Sources */ = {
			isa = PBXSourcesBuildPhase;
			buildActionMask = 2147483647;
			files = (
				544603902382C110004E676B /* OSRouter.swift in Sources */,
				544603522382AB94004E676B /* OSRouter.xcdatamodeld in Sources */,
				5446038D2382C110004E676B /* Url_Extension.swift in Sources */,
				5446038F2382C110004E676B /* OSRouterAction.swift in Sources */,
				5446034D2382AB94004E676B /* AppDelegate.swift in Sources */,
				544603542382AB94004E676B /* ContentView.swift in Sources */,
				544603922382C110004E676B /* OSRouterType.swift in Sources */,
				544603912382C110004E676B /* OSRouterProtocol.swift in Sources */,
				544603842382ABC8004E676B /* OSMediator.m in Sources */,
				544603852382ABC8004E676B /* NSInvocation+OSInvocation.m in Sources */,
				5446038E2382C110004E676B /* OSRouterParams.swift in Sources */,
				5446034F2382AB94004E676B /* SceneDelegate.swift in Sources */,
			);
			runOnlyForDeploymentPostprocessing = 0;
		};
		5446035E2382AB98004E676B /* Sources */ = {
			isa = PBXSourcesBuildPhase;
			buildActionMask = 2147483647;
			files = (
				544603672382AB99004E676B /* OSRouterTests.swift in Sources */,
			);
			runOnlyForDeploymentPostprocessing = 0;
		};
		544603692382AB99004E676B /* Sources */ = {
			isa = PBXSourcesBuildPhase;
			buildActionMask = 2147483647;
			files = (
				544603722382AB99004E676B /* OSRouterUITests.swift in Sources */,
			);
			runOnlyForDeploymentPostprocessing = 0;
		};
/* End PBXSourcesBuildPhase section */

/* Begin PBXTargetDependency section */
		544603642382AB98004E676B /* PBXTargetDependency */ = {
			isa = PBXTargetDependency;
			target = 544603482382AB94004E676B /* OSRouter */;
			targetProxy = 544603632382AB98004E676B /* PBXContainerItemProxy */;
		};
		5446036F2382AB99004E676B /* PBXTargetDependency */ = {
			isa = PBXTargetDependency;
			target = 544603482382AB94004E676B /* OSRouter */;
			targetProxy = 5446036E2382AB99004E676B /* PBXContainerItemProxy */;
		};
/* End PBXTargetDependency section */

/* Begin PBXVariantGroup section */
		5446035A2382AB98004E676B /* LaunchScreen.storyboard */ = {
			isa = PBXVariantGroup;
			children = (
				5446035B2382AB98004E676B /* Base */,
			);
			name = LaunchScreen.storyboard;
			sourceTree = "<group>";
		};
/* End PBXVariantGroup section */

/* Begin XCBuildConfiguration section */
		544603742382AB99004E676B /* Debug */ = {
			isa = XCBuildConfiguration;
			buildSettings = {
				ALWAYS_SEARCH_USER_PATHS = NO;
				CLANG_ANALYZER_NONNULL = YES;
				CLANG_ANALYZER_NUMBER_OBJECT_CONVERSION = YES_AGGRESSIVE;
				CLANG_CXX_LANGUAGE_STANDARD = "gnu++14";
				CLANG_CXX_LIBRARY = "libc++";
				CLANG_ENABLE_MODULES = YES;
				CLANG_ENABLE_OBJC_ARC = YES;
				CLANG_ENABLE_OBJC_WEAK = YES;
				CLANG_WARN_BLOCK_CAPTURE_AUTORELEASING = YES;
				CLANG_WARN_BOOL_CONVERSION = YES;
				CLANG_WARN_COMMA = YES;
				CLANG_WARN_CONSTANT_CONVERSION = YES;
				CLANG_WARN_DEPRECATED_OBJC_IMPLEMENTATIONS = YES;
				CLANG_WARN_DIRECT_OBJC_ISA_USAGE = YES_ERROR;
				CLANG_WARN_DOCUMENTATION_COMMENTS = YES;
				CLANG_WARN_EMPTY_BODY = YES;
				CLANG_WARN_ENUM_CONVERSION = YES;
				CLANG_WARN_INFINITE_RECURSION = YES;
				CLANG_WARN_INT_CONVERSION = YES;
				CLANG_WARN_NON_LITERAL_NULL_CONVERSION = YES;
				CLANG_WARN_OBJC_IMPLICIT_RETAIN_SELF = YES;
				CLANG_WARN_OBJC_LITERAL_CONVERSION = YES;
				CLANG_WARN_OBJC_ROOT_CLASS = YES_ERROR;
				CLANG_WARN_RANGE_LOOP_ANALYSIS = YES;
				CLANG_WARN_STRICT_PROTOTYPES = YES;
				CLANG_WARN_SUSPICIOUS_MOVE = YES;
				CLANG_WARN_UNGUARDED_AVAILABILITY = YES_AGGRESSIVE;
				CLANG_WARN_UNREACHABLE_CODE = YES;
				CLANG_WARN__DUPLICATE_METHOD_MATCH = YES;
				COPY_PHASE_STRIP = NO;
				DEBUG_INFORMATION_FORMAT = dwarf;
				ENABLE_STRICT_OBJC_MSGSEND = YES;
				ENABLE_TESTABILITY = YES;
				GCC_C_LANGUAGE_STANDARD = gnu11;
				GCC_DYNAMIC_NO_PIC = NO;
				GCC_NO_COMMON_BLOCKS = YES;
				GCC_OPTIMIZATION_LEVEL = 0;
				GCC_PREPROCESSOR_DEFINITIONS = (
					"DEBUG=1",
					"$(inherited)",
				);
				GCC_WARN_64_TO_32_BIT_CONVERSION = YES;
				GCC_WARN_ABOUT_RETURN_TYPE = YES_ERROR;
				GCC_WARN_UNDECLARED_SELECTOR = YES;
				GCC_WARN_UNINITIALIZED_AUTOS = YES_AGGRESSIVE;
				GCC_WARN_UNUSED_FUNCTION = YES;
				GCC_WARN_UNUSED_VARIABLE = YES;
				IPHONEOS_DEPLOYMENT_TARGET = 13.0;
				MTL_ENABLE_DEBUG_INFO = INCLUDE_SOURCE;
				MTL_FAST_MATH = YES;
				ONLY_ACTIVE_ARCH = YES;
				SDKROOT = iphoneos;
				SWIFT_ACTIVE_COMPILATION_CONDITIONS = DEBUG;
				SWIFT_OPTIMIZATION_LEVEL = "-Onone";
			};
			name = Debug;
		};
		544603752382AB99004E676B /* Release */ = {
			isa = XCBuildConfiguration;
			buildSettings = {
				ALWAYS_SEARCH_USER_PATHS = NO;
				CLANG_ANALYZER_NONNULL = YES;
				CLANG_ANALYZER_NUMBER_OBJECT_CONVERSION = YES_AGGRESSIVE;
				CLANG_CXX_LANGUAGE_STANDARD = "gnu++14";
				CLANG_CXX_LIBRARY = "libc++";
				CLANG_ENABLE_MODULES = YES;
				CLANG_ENABLE_OBJC_ARC = YES;
				CLANG_ENABLE_OBJC_WEAK = YES;
				CLANG_WARN_BLOCK_CAPTURE_AUTORELEASING = YES;
				CLANG_WARN_BOOL_CONVERSION = YES;
				CLANG_WARN_COMMA = YES;
				CLANG_WARN_CONSTANT_CONVERSION = YES;
				CLANG_WARN_DEPRECATED_OBJC_IMPLEMENTATIONS = YES;
				CLANG_WARN_DIRECT_OBJC_ISA_USAGE = YES_ERROR;
				CLANG_WARN_DOCUMENTATION_COMMENTS = YES;
				CLANG_WARN_EMPTY_BODY = YES;
				CLANG_WARN_ENUM_CONVERSION = YES;
				CLANG_WARN_INFINITE_RECURSION = YES;
				CLANG_WARN_INT_CONVERSION = YES;
				CLANG_WARN_NON_LITERAL_NULL_CONVERSION = YES;
				CLANG_WARN_OBJC_IMPLICIT_RETAIN_SELF = YES;
				CLANG_WARN_OBJC_LITERAL_CONVERSION = YES;
				CLANG_WARN_OBJC_ROOT_CLASS = YES_ERROR;
				CLANG_WARN_RANGE_LOOP_ANALYSIS = YES;
				CLANG_WARN_STRICT_PROTOTYPES = YES;
				CLANG_WARN_SUSPICIOUS_MOVE = YES;
				CLANG_WARN_UNGUARDED_AVAILABILITY = YES_AGGRESSIVE;
				CLANG_WARN_UNREACHABLE_CODE = YES;
				CLANG_WARN__DUPLICATE_METHOD_MATCH = YES;
				COPY_PHASE_STRIP = NO;
				DEBUG_INFORMATION_FORMAT = "dwarf-with-dsym";
				ENABLE_NS_ASSERTIONS = NO;
				ENABLE_STRICT_OBJC_MSGSEND = YES;
				GCC_C_LANGUAGE_STANDARD = gnu11;
				GCC_NO_COMMON_BLOCKS = YES;
				GCC_WARN_64_TO_32_BIT_CONVERSION = YES;
				GCC_WARN_ABOUT_RETURN_TYPE = YES_ERROR;
				GCC_WARN_UNDECLARED_SELECTOR = YES;
				GCC_WARN_UNINITIALIZED_AUTOS = YES_AGGRESSIVE;
				GCC_WARN_UNUSED_FUNCTION = YES;
				GCC_WARN_UNUSED_VARIABLE = YES;
				IPHONEOS_DEPLOYMENT_TARGET = 13.0;
				MTL_ENABLE_DEBUG_INFO = NO;
				MTL_FAST_MATH = YES;
				SDKROOT = iphoneos;
				SWIFT_COMPILATION_MODE = wholemodule;
				SWIFT_OPTIMIZATION_LEVEL = "-O";
				VALIDATE_PRODUCT = YES;
			};
			name = Release;
		};
		544603772382AB99004E676B /* Debug */ = {
			isa = XCBuildConfiguration;
			buildSettings = {
				ASSETCATALOG_COMPILER_APPICON_NAME = AppIcon;
				CLANG_ENABLE_MODULES = YES;
				CODE_SIGN_STYLE = Automatic;
				DEFINES_MODULE = YES;
				DEVELOPMENT_ASSET_PATHS = "\"OSRouter/Preview Content\"";
				DEVELOPMENT_TEAM = 49QL38VYXX;
				ENABLE_PREVIEWS = YES;
				INFOPLIST_FILE = OSRouter/Info.plist;
				LD_RUNPATH_SEARCH_PATHS = (
					"$(inherited)",
					"@executable_path/Frameworks",
				);
				PRODUCT_BUNDLE_IDENTIFIER = bcc.OSRouter;
				PRODUCT_NAME = "$(TARGET_NAME)";
				SWIFT_OBJC_BRIDGING_HEADER = "OSRouter/OSRouter-Bridging-Header.h";
				SWIFT_OPTIMIZATION_LEVEL = "-Onone";
				SWIFT_VERSION = 5.0;
				TARGETED_DEVICE_FAMILY = "1,2";
			};
			name = Debug;
		};
		544603782382AB99004E676B /* Release */ = {
			isa = XCBuildConfiguration;
			buildSettings = {
				ASSETCATALOG_COMPILER_APPICON_NAME = AppIcon;
				CLANG_ENABLE_MODULES = YES;
				CODE_SIGN_STYLE = Automatic;
				DEFINES_MODULE = YES;
				DEVELOPMENT_ASSET_PATHS = "\"OSRouter/Preview Content\"";
				DEVELOPMENT_TEAM = 49QL38VYXX;
				ENABLE_PREVIEWS = YES;
				INFOPLIST_FILE = OSRouter/Info.plist;
				LD_RUNPATH_SEARCH_PATHS = (
					"$(inherited)",
					"@executable_path/Frameworks",
				);
				PRODUCT_BUNDLE_IDENTIFIER = bcc.OSRouter;
				PRODUCT_NAME = "$(TARGET_NAME)";
				SWIFT_OBJC_BRIDGING_HEADER = "OSRouter/OSRouter-Bridging-Header.h";
				SWIFT_VERSION = 5.0;
				TARGETED_DEVICE_FAMILY = "1,2";
			};
			name = Release;
		};
		5446037A2382AB99004E676B /* Debug */ = {
			isa = XCBuildConfiguration;
			buildSettings = {
				ALWAYS_EMBED_SWIFT_STANDARD_LIBRARIES = YES;
				BUNDLE_LOADER = "$(TEST_HOST)";
				CODE_SIGN_STYLE = Automatic;
				DEVELOPMENT_TEAM = 49QL38VYXX;
				INFOPLIST_FILE = OSRouterTests/Info.plist;
				IPHONEOS_DEPLOYMENT_TARGET = 13.0;
				LD_RUNPATH_SEARCH_PATHS = (
					"$(inherited)",
					"@executable_path/Frameworks",
					"@loader_path/Frameworks",
				);
				PRODUCT_BUNDLE_IDENTIFIER = bcc.OSRouterTests;
				PRODUCT_NAME = "$(TARGET_NAME)";
				SWIFT_VERSION = 5.0;
				TARGETED_DEVICE_FAMILY = "1,2";
				TEST_HOST = "$(BUILT_PRODUCTS_DIR)/OSRouter.app/OSRouter";
			};
			name = Debug;
		};
		5446037B2382AB99004E676B /* Release */ = {
			isa = XCBuildConfiguration;
			buildSettings = {
				ALWAYS_EMBED_SWIFT_STANDARD_LIBRARIES = YES;
				BUNDLE_LOADER = "$(TEST_HOST)";
				CODE_SIGN_STYLE = Automatic;
				DEVELOPMENT_TEAM = 49QL38VYXX;
				INFOPLIST_FILE = OSRouterTests/Info.plist;
				IPHONEOS_DEPLOYMENT_TARGET = 13.0;
				LD_RUNPATH_SEARCH_PATHS = (
					"$(inherited)",
					"@executable_path/Frameworks",
					"@loader_path/Frameworks",
				);
				PRODUCT_BUNDLE_IDENTIFIER = bcc.OSRouterTests;
				PRODUCT_NAME = "$(TARGET_NAME)";
				SWIFT_VERSION = 5.0;
				TARGETED_DEVICE_FAMILY = "1,2";
				TEST_HOST = "$(BUILT_PRODUCTS_DIR)/OSRouter.app/OSRouter";
			};
			name = Release;
		};
		5446037D2382AB99004E676B /* Debug */ = {
			isa = XCBuildConfiguration;
			buildSettings = {
				ALWAYS_EMBED_SWIFT_STANDARD_LIBRARIES = YES;
				CODE_SIGN_STYLE = Automatic;
				DEVELOPMENT_TEAM = 49QL38VYXX;
				INFOPLIST_FILE = OSRouterUITests/Info.plist;
				LD_RUNPATH_SEARCH_PATHS = (
					"$(inherited)",
					"@executable_path/Frameworks",
					"@loader_path/Frameworks",
				);
				PRODUCT_BUNDLE_IDENTIFIER = bcc.OSRouterUITests;
				PRODUCT_NAME = "$(TARGET_NAME)";
				SWIFT_VERSION = 5.0;
				TARGETED_DEVICE_FAMILY = "1,2";
				TEST_TARGET_NAME = OSRouter;
			};
			name = Debug;
		};
		5446037E2382AB99004E676B /* Release */ = {
			isa = XCBuildConfiguration;
			buildSettings = {
				ALWAYS_EMBED_SWIFT_STANDARD_LIBRARIES = YES;
				CODE_SIGN_STYLE = Automatic;
				DEVELOPMENT_TEAM = 49QL38VYXX;
				INFOPLIST_FILE = OSRouterUITests/Info.plist;
				LD_RUNPATH_SEARCH_PATHS = (
					"$(inherited)",
					"@executable_path/Frameworks",
					"@loader_path/Frameworks",
				);
				PRODUCT_BUNDLE_IDENTIFIER = bcc.OSRouterUITests;
				PRODUCT_NAME = "$(TARGET_NAME)";
				SWIFT_VERSION = 5.0;
				TARGETED_DEVICE_FAMILY = "1,2";
				TEST_TARGET_NAME = OSRouter;
			};
			name = Release;
		};
/* End XCBuildConfiguration section */

/* Begin XCConfigurationList section */
		544603442382AB94004E676B /* Build configuration list for PBXProject "OSRouter" */ = {
			isa = XCConfigurationList;
			buildConfigurations = (
				544603742382AB99004E676B /* Debug */,
				544603752382AB99004E676B /* Release */,
			);
			defaultConfigurationIsVisible = 0;
			defaultConfigurationName = Release;
		};
		544603762382AB99004E676B /* Build configuration list for PBXNativeTarget "OSRouter" */ = {
			isa = XCConfigurationList;
			buildConfigurations = (
				544603772382AB99004E676B /* Debug */,
				544603782382AB99004E676B /* Release */,
			);
			defaultConfigurationIsVisible = 0;
			defaultConfigurationName = Release;
		};
		544603792382AB99004E676B /* Build configuration list for PBXNativeTarget "OSRouterTests" */ = {
			isa = XCConfigurationList;
			buildConfigurations = (
				5446037A2382AB99004E676B /* Debug */,
				5446037B2382AB99004E676B /* Release */,
			);
			defaultConfigurationIsVisible = 0;
			defaultConfigurationName = Release;
		};
		5446037C2382AB99004E676B /* Build configuration list for PBXNativeTarget "OSRouterUITests" */ = {
			isa = XCConfigurationList;
			buildConfigurations = (
				5446037D2382AB99004E676B /* Debug */,
				5446037E2382AB99004E676B /* Release */,
			);
			defaultConfigurationIsVisible = 0;
			defaultConfigurationName = Release;
		};
/* End XCConfigurationList section */

/* Begin XCVersionGroup section */
		544603502382AB94004E676B /* OSRouter.xcdatamodeld */ = {
			isa = XCVersionGroup;
			children = (
				544603512382AB94004E676B /* OSRouter.xcdatamodel */,
			);
			currentVersion = 544603512382AB94004E676B /* OSRouter.xcdatamodel */;
			path = OSRouter.xcdatamodeld;
			sourceTree = "<group>";
			versionGroupType = wrapper.xcdatamodel;
		};
/* End XCVersionGroup section */
	};
	rootObject = 544603412382AB94004E676B /* Project object */;
}
